github.com/davecgh/go-spew v1.1.1 h1:vj9j/u1bqnvCEfJOwUhtlOARqs3+rkHYY13jYWTU97c=
github.com/davecgh/go-spew v1.1.1/go.mod h1:J7Y8YcW2NihsgmVo/mv3lAwl/skON4iLHjSsI+c5H38=
github.com/flopp/go-parkrunparser v0.0.0-20240518181137-752780f67f9e h1:6vP45K/yJS7aV8u3JmApE6Cjg8QXnOKuOhal1I0EEqg=
github.com/flopp/go-parkrunparser v0.0.0-20240518181137-752780f67f9e/go.mod h1:9iKtIGPlok7c4yyiiLg2CSxwMXqeij4iZCMStvUzpRA=
github.com/flopp/go-parkrunparser v0.0.0-20241213184743-ae4f63576e2c h1:f9jMKex4q0Z8DIsI0Z7GfsCt4AlvFx/Yv2FI1CsMqiA=
github.com/flopp/go-parkrunparser v0.0.0-20241213184743-ae4f63576e2c/go.mod h1:9iKtIGPlok7c4yyiiLg2CSxwMXqeij4iZCMStvUzpRA=
github.com/flopp/go-parkrunparser v0.0.0-20241227063245-658cec73cb04 h1:J49t4XEv7SuVOEE46Qu4WkAhpYDLWhRHT9X5/qMeFtg=
github.com/flopp/go-parkrunparser v0.0.0-20241227063245-658cec73cb04/go.mod h1:9iKtIGPlok7c4yyiiLg2CSxwMXqeij4iZCMStvUzpRA=
github.com/flopp/go-parkrunparser v0.0.0-20241230085952-ece4ad0d7640 h1:NFQkXVPEgmOFyQGyfBb7LqzvMMFnqpo8u+BMyI7rGyg=
github.com/flopp/go-parkrunparser v0.0.0-20241230085952-ece4ad0d7640/go.mod h1:9iKtIGPlok7c4yyiiLg2CSxwMXqeij4iZCMStvUzpRA=
github.com/flopp/go-parkrunparser v0.0.0-20241230154122-79943bd455bb h1:P2sRcKxciJ/EzlL0rzAgSj0unDmYBTiv3pzWiVZy24M=
github.com/flopp/go-parkrunparser v0.0.0-20241230154122-79943bd455bb/go.mod h1:9iKtIGPlok7c4yyiiLg2CSxwMXqeij4iZCMStvUzpRA=
github.com/jedib0t/go-pretty/v6 v6.5.9 h1:ACteMBRrrmm1gMsXe9PSTOClQ63IXDUt03H5U+UV8OU=
github.com/jedib0t/go-pretty/v6 v6.5.9/go.mod h1:zbn98qrYlh95FIhwwsbIip0LYpwSG8SUOScs+v9/t0E=
github.com/jedib0t/go-pretty/v6 v6.6.2 h1:27bLj3nRODzaiA7tPIxy9UVWHoPspFfME9XxgwiiNsM=
github.com/jedib0t/go-pretty/v6 v6.6.2/go.mod h1:zbn98qrYlh95FIhwwsbIip0LYpwSG8SUOScs+v9/t0E=
github.com/jedib0t/go-pretty/v6 v6.6.5 h1:9PgMJOVBedpgYLI56jQRJYqngxYAAzfEUua+3NgSqAo=
github.com/jedib0t/go-pretty/v6 v6.6.5/go.mod h1:Uq/HrbhuFty5WSVNfjpQQe47x16RwVGXIveNGEyGtHs=
github.com/mattn/go-runewidth v0.0.15 h1:UNAjwbU9l54TA3KzvqLGxwWjHmMgBUVhBiTjelZgg3U=
github.com/mattn/go-runewidth v0.0.15/go.mod h1:Jdepj2loyihRzMpdS35Xk/zdY8IAYHsh153qUoGf23w=
github.com/pmezard/go-difflib v1.0.0 h1:4DBwDE0NGyQoBHbLQYPwSUPoCMWR5BEzIk/f1lZbAQM=
github.com/pmezard/go-difflib v1.0.0/go.mod h1:iKH77koFhYxTK1pcRnkKkqfTogsbg7gZNVY4sRDYZ/4=
github.com/rivo/uniseg v0.2.0 h1:S1pD9weZBuJdFmowNwbpi7BJ8TNftyUImj/0WQi72jY=
github.com/rivo/uniseg v0.2.0/go.mod h1:J6wj4VEh+S6ZtnVlnTBMWIodfgj8LQOQFoIToxlJtxc=
github.com/stretchr/testify v1.8.4 h1:CcVxjf3Q8PM0mHUKJCdn+eZZtm5yQwehR5yeSVQQcUk=
github.com/stretchr/testify v1.8.4/go.mod h1:sz/lmYIOXD/1dqDmKjjqLyZ2RngseejIcXlSw2iwfAo=
golang.org/x/sys v0.17.0 h1:25cE3gD+tdBA7lp7QfhuV+rJiE9YXTcS3VG1SqssI/Y=
golang.org/x/sys v0.17.0/go.mod h1:/VUhepiaJMQUp4+oa/7Zr1D23ma6VTLIYjOOTFZPUcA=
golang.org/x/text v0.21.0 h1:zyQAAkrwaneQ066sspRyJaG9VNi/YJ1NfzcGB3hZ/qo=
golang.org/x/text v0.21.0/go.mod h1:4IBbMaMmOPCJ8SecivzSH54+73PCFmPWxNTLm+vZkEQ=
gopkg.in/yaml.v3 v3.0.1 h1:fxVm/GzAzEWqLHuvctI91KS9hhNmmWOoWu0XTYJS7CA=
gopkg.in/yaml.v3 v3.0.1/go.mod h1:K4uyk7z7BCEPqu6E+C64Yfv1cQ7kz7rIZviUmN+EgEM=
